// !$*UTF8*$!
{
	archiveVersion = 1;
	classes = {
	};
	objectVersion = 46;
	objects = {

/* Begin PBXBuildFile section */
		7DD50C221C43B32F00CA169D /* AppDelegate.swift in Sources */ = {isa = PBXBuildFile; fileRef = 7DD50C211C43B32F00CA169D /* AppDelegate.swift */; };
		7DD50C241C43B32F00CA169D /* ViewController.swift in Sources */ = {isa = PBXBuildFile; fileRef = 7DD50C231C43B32F00CA169D /* ViewController.swift */; };
		7DD50C271C43B32F00CA169D /* Main.storyboard in Resources */ = {isa = PBXBuildFile; fileRef = 7DD50C251C43B32F00CA169D /* Main.storyboard */; };
		7DD50C291C43B32F00CA169D /* Assets.xcassets in Resources */ = {isa = PBXBuildFile; fileRef = 7DD50C281C43B32F00CA169D /* Assets.xcassets */; };
		7DD50C2C1C43B32F00CA169D /* LaunchScreen.storyboard in Resources */ = {isa = PBXBuildFile; fileRef = 7DD50C2A1C43B32F00CA169D /* LaunchScreen.storyboard */; };
		7DD50C371C43B32F00CA169D /* CreditTests.swift in Sources */ = {isa = PBXBuildFile; fileRef = 7DD50C361C43B32F00CA169D /* CreditTests.swift */; };
		7DD50C421C43B32F00CA169D /* CreditUITests.swift in Sources */ = {isa = PBXBuildFile; fileRef = 7DD50C411C43B32F00CA169D /* CreditUITests.swift */; };
/* End PBXBuildFile section */

/* Begin PBXContainerItemProxy section */
		7DD50C331C43B32F00CA169D /* PBXContainerItemProxy */ = {
			isa = PBXContainerItemProxy;
			containerPortal = 7DD50C161C43B32F00CA169D /* Project object */;
			proxyType = 1;
			remoteGlobalIDString = 7DD50C1D1C43B32F00CA169D;
			remoteInfo = Credit;
		};
		7DD50C3E1C43B32F00CA169D /* PBXContainerItemProxy */ = {
			isa = PBXContainerItemProxy;
			containerPortal = 7DD50C161C43B32F00CA169D /* Project object */;
			proxyType = 1;
			remoteGlobalIDString = 7DD50C1D1C43B32F00CA169D;
			remoteInfo = Credit;
		};
/* End PBXContainerItemProxy section */

/* Begin PBXFileReference section */
		7DD50C1E1C43B32F00CA169D /* Credit.app */ = {isa = PBXFileReference; explicitFileType = wrapper.application; includeInIndex = 0; path = Credit.app; sourceTree = BUILT_PRODUCTS_DIR; };
		7DD50C211C43B32F00CA169D /* AppDelegate.swift */ = {isa = PBXFileReference; lastKnownFileType = sourcecode.swift; path = AppDelegate.swift; sourceTree = "<group>"; };
		7DD50C231C43B32F00CA169D /* ViewController.swift */ = {isa = PBXFileReference; lastKnownFileType = sourcecode.swift; path = ViewController.swift; sourceTree = "<group>"; };
		7DD50C261C43B32F00CA169D /* Base */ = {isa = PBXFileReference; lastKnownFileType = file.storyboard; name = Base; path = Base.lproj/Main.storyboard; sourceTree = "<group>"; };
		7DD50C281C43B32F00CA169D /* Assets.xcassets */ = {isa = PBXFileReference; lastKnownFileType = folder.assetcatalog; path = Assets.xcassets; sourceTree = "<group>"; };
		7DD50C2B1C43B32F00CA169D /* Base */ = {isa = PBXFileReference; lastKnownFileType = file.storyboard; name = Base; path = Base.lproj/LaunchScreen.storyboard; sourceTree = "<group>"; };
		7DD50C2D1C43B32F00CA169D /* Info.plist */ = {isa = PBXFileReference; lastKnownFileType = text.plist.xml; path = Info.plist; sourceTree = "<group>"; };
		7DD50C321C43B32F00CA169D /* CreditTests.xctest */ = {isa = PBXFileReference; explicitFileType = wrapper.cfbundle; includeInIndex = 0; path = CreditTests.xctest; sourceTree = BUILT_PRODUCTS_DIR; };
		7DD50C361C43B32F00CA169D /* CreditTests.swift */ = {isa = PBXFileReference; lastKnownFileType = sourcecode.swift; path = CreditTests.swift; sourceTree = "<group>"; };
		7DD50C381C43B32F00CA169D /* Info.plist */ = {isa = PBXFileReference; lastKnownFileType = text.plist.xml; path = Info.plist; sourceTree = "<group>"; };
		7DD50C3D1C43B32F00CA169D /* CreditUITests.xctest */ = {isa = PBXFileReference; explicitFileType = wrapper.cfbundle; includeInIndex = 0; path = CreditUITests.xctest; sourceTree = BUILT_PRODUCTS_DIR; };
		7DD50C411C43B32F00CA169D /* CreditUITests.swift */ = {isa = PBXFileReference; lastKnownFileType = sourcecode.swift; path = CreditUITests.swift; sourceTree = "<group>"; };
		7DD50C431C43B32F00CA169D /* Info.plist */ = {isa = PBXFileReference; lastKnownFileType = text.plist.xml; path = Info.plist; sourceTree = "<group>"; };
/* End PBXFileReference section */

/* Begin PBXFrameworksBuildPhase section */
		7DD50C1B1C43B32F00CA169D /* Frameworks */ = {
			isa = PBXFrameworksBuildPhase;
			buildActionMask = 2147483647;
			files = (
			);
			runOnlyForDeploymentPostprocessing = 0;
		};
		7DD50C2F1C43B32F00CA169D /* Frameworks */ = {
			isa = PBXFrameworksBuildPhase;
			buildActionMask = 2147483647;
			files = (
			);
			runOnlyForDeploymentPostprocessing = 0;
		};
		7DD50C3A1C43B32F00CA169D /* Frameworks */ = {
			isa = PBXFrameworksBuildPhase;
			buildActionMask = 2147483647;
			files = (
			);
			runOnlyForDeploymentPostprocessing = 0;
		};
/* End PBXFrameworksBuildPhase section */

/* Begin PBXGroup section */
		7DD50C151C43B32F00CA169D = {
			isa = PBXGroup;
			children = (
				7DD50C201C43B32F00CA169D /* Credit */,
				7DD50C351C43B32F00CA169D /* CreditTests */,
				7DD50C401C43B32F00CA169D /* CreditUITests */,
				7DD50C1F1C43B32F00CA169D /* Products */,
			);
			sourceTree = "<group>";
		};
		7DD50C1F1C43B32F00CA169D /* Products */ = {
			isa = PBXGroup;
			children = (
				7DD50C1E1C43B32F00CA169D /* Credit.app */,
				7DD50C321C43B32F00CA169D /* CreditTests.xctest */,
				7DD50C3D1C43B32F00CA169D /* CreditUITests.xctest */,
			);
			name = Products;
			sourceTree = "<group>";
		};
		7DD50C201C43B32F00CA169D /* Credit */ = {
			isa = PBXGroup;
			children = (
				7DD50C211C43B32F00CA169D /* AppDelegate.swift */,
				7DD50C231C43B32F00CA169D /* ViewController.swift */,
				7DD50C251C43B32F00CA169D /* Main.storyboard */,
				7DD50C281C43B32F00CA169D /* Assets.xcassets */,
				7DD50C2A1C43B32F00CA169D /* LaunchScreen.storyboard */,
				7DD50C2D1C43B32F00CA169D /* Info.plist */,
			);
			path = Credit;
			sourceTree = "<group>";
		};
		7DD50C351C43B32F00CA169D /* CreditTests */ = {
			isa = PBXGroup;
			children = (
				7DD50C361C43B32F00CA169D /* CreditTests.swift */,
				7DD50C381C43B32F00CA169D /* Info.plist */,
			);
			path = CreditTests;
			sourceTree = "<group>";
		};
		7DD50C401C43B32F00CA169D /* CreditUITests */ = {
			isa = PBXGroup;
			children = (
				7DD50C411C43B32F00CA169D /* CreditUITests.swift */,
				7DD50C431C43B32F00CA169D /* Info.plist */,
			);
			path = CreditUITests;
			sourceTree = "<group>";
		};
/* End PBXGroup section */

/* Begin PBXNativeTarget section */
		7DD50C1D1C43B32F00CA169D /* Credit */ = {
			isa = PBXNativeTarget;
			buildConfigurationList = 7DD50C461C43B32F00CA169D /* Build configuration list for PBXNativeTarget "Credit" */;
			buildPhases = (
				7DD50C1A1C43B32F00CA169D /* Sources */,
				7DD50C1B1C43B32F00CA169D /* Frameworks */,
				7DD50C1C1C43B32F00CA169D /* Resources */,
			);
			buildRules = (
			);
			dependencies = (
			);
			name = Credit;
			productName = Credit;
			productReference = 7DD50C1E1C43B32F00CA169D /* Credit.app */;
			productType = "com.apple.product-type.application";
		};
		7DD50C311C43B32F00CA169D /* CreditTests */ = {
			isa = PBXNativeTarget;
			buildConfigurationList = 7DD50C491C43B32F00CA169D /* Build configuration list for PBXNativeTarget "CreditTests" */;
			buildPhases = (
				7DD50C2E1C43B32F00CA169D /* Sources */,
				7DD50C2F1C43B32F00CA169D /* Frameworks */,
				7DD50C301C43B32F00CA169D /* Resources */,
			);
			buildRules = (
			);
			dependencies = (
				7DD50C341C43B32F00CA169D /* PBXTargetDependency */,
			);
			name = CreditTests;
			productName = CreditTests;
			productReference = 7DD50C321C43B32F00CA169D /* CreditTests.xctest */;
			productType = "com.apple.product-type.bundle.unit-test";
		};
		7DD50C3C1C43B32F00CA169D /* CreditUITests */ = {
			isa = PBXNativeTarget;
			buildConfigurationList = 7DD50C4C1C43B32F00CA169D /* Build configuration list for PBXNativeTarget "CreditUITests" */;
			buildPhases = (
				7DD50C391C43B32F00CA169D /* Sources */,
				7DD50C3A1C43B32F00CA169D /* Frameworks */,
				7DD50C3B1C43B32F00CA169D /* Resources */,
			);
			buildRules = (
			);
			dependencies = (
				7DD50C3F1C43B32F00CA169D /* PBXTargetDependency */,
			);
			name = CreditUITests;
			productName = CreditUITests;
			productReference = 7DD50C3D1C43B32F00CA169D /* CreditUITests.xctest */;
			productType = "com.apple.product-type.bundle.ui-testing";
		};
/* End PBXNativeTarget section */

/* Begin PBXProject section */
		7DD50C161C43B32F00CA169D /* Project object */ = {
			isa = PBXProject;
			attributes = {
				LastSwiftUpdateCheck = 0710;
				LastUpgradeCheck = 0710;
				ORGANIZATIONNAME = mju;
				TargetAttributes = {
					7DD50C1D1C43B32F00CA169D = {
						CreatedOnToolsVersion = 7.1;
					};
					7DD50C311C43B32F00CA169D = {
						CreatedOnToolsVersion = 7.1;
						TestTargetID = 7DD50C1D1C43B32F00CA169D;
					};
					7DD50C3C1C43B32F00CA169D = {
						CreatedOnToolsVersion = 7.1;
						TestTargetID = 7DD50C1D1C43B32F00CA169D;
					};
				};
			};
			buildConfigurationList = 7DD50C191C43B32F00CA169D /* Build configuration list for PBXProject "Credit" */;
			compatibilityVersion = "Xcode 3.2";
			developmentRegion = English;
			hasScannedForEncodings = 0;
			knownRegions = (
				en,
				Base,
			);
			mainGroup = 7DD50C151C43B32F00CA169D;
			productRefGroup = 7DD50C1F1C43B32F00CA169D /* Products */;
			projectDirPath = "";
			projectRoot = "";
			targets = (
				7DD50C1D1C43B32F00CA169D /* Credit */,
				7DD50C311C43B32F00CA169D /* CreditTests */,
				7DD50C3C1C43B32F00CA169D /* CreditUITests */,
			);
		};
/* End PBXProject section */

/* Begin PBXResourcesBuildPhase section */
		7DD50C1C1C43B32F00CA169D /* Resources */ = {
			isa = PBXResourcesBuildPhase;
			buildActionMask = 2147483647;
			files = (
				7DD50C2C1C43B32F00CA169D /* LaunchScreen.storyboard in Resources */,
				7DD50C291C43B32F00CA169D /* Assets.xcassets in Resources */,
				7DD50C271C43B32F00CA169D /* Main.storyboard in Resources */,
			);
			runOnlyForDeploymentPostprocessing = 0;
		};
		7DD50C301C43B32F00CA169D /* Resources */ = {
			isa = PBXResourcesBuildPhase;
			buildActionMask = 2147483647;
			files = (
			);
			runOnlyForDeploymentPostprocessing = 0;
		};
		7DD50C3B1C43B32F00CA169D /* Resources */ = {
			isa = PBXResourcesBuildPhase;
			buildActionMask = 2147483647;
			files = (
			);
			runOnlyForDeploymentPostprocessing = 0;
		};
/* End PBXResourcesBuildPhase section */

/* Begin PBXSourcesBuildPhase section */
		7DD50C1A1C43B32F00CA169D /* Sources */ = {
			isa = PBXSourcesBuildPhase;
			buildActionMask = 2147483647;
			files = (
				7DD50C241C43B32F00CA169D /* ViewController.swift in Sources */,
				7DD50C221C43B32F00CA169D /* AppDelegate.swift in Sources */,
			);
			runOnlyForDeploymentPostprocessing = 0;
		};
		7DD50C2E1C43B32F00CA169D /* Sources */ = {
			isa = PBXSourcesBuildPhase;
			buildActionMask = 2147483647;
			files = (
				7DD50C371C43B32F00CA169D /* CreditTests.swift in Sources */,
			);
			runOnlyForDeploymentPostprocessing = 0;
		};
		7DD50C391C43B32F00CA169D /* Sources */ = {
			isa = PBXSourcesBuildPhase;
			buildActionMask = 2147483647;
			files = (
				7DD50C421C43B32F00CA169D /* CreditUITests.swift in Sources */,
			);
			runOnlyForDeploymentPostprocessing = 0;
		};
/* End PBXSourcesBuildPhase section */

/* Begin PBXTargetDependency section */
		7DD50C341C43B32F00CA169D /* PBXTargetDependency */ = {
			isa = PBXTargetDependency;
			target = 7DD50C1D1C43B32F00CA169D /* Credit */;
			targetProxy = 7DD50C331C43B32F00CA169D /* PBXContainerItemProxy */;
		};
		7DD50C3F1C43B32F00CA169D /* PBXTargetDependency */ = {
			isa = PBXTargetDependency;
			target = 7DD50C1D1C43B32F00CA169D /* Credit */;
			targetProxy = 7DD50C3E1C43B32F00CA169D /* PBXContainerItemProxy */;
		};
/* End PBXTargetDependency section */

/* Begin PBXVariantGroup section */
		7DD50C251C43B32F00CA169D /* Main.storyboard */ = {
			isa = PBXVariantGroup;
			children = (
				7DD50C261C43B32F00CA169D /* Base */,
			);
			name = Main.storyboard;
			sourceTree = "<group>";
		};
		7DD50C2A1C43B32F00CA169D /* LaunchScreen.storyboard */ = {
			isa = PBXVariantGroup;
			children = (
				7DD50C2B1C43B32F00CA169D /* Base */,
			);
			name = LaunchScreen.storyboard;
			sourceTree = "<group>";
		};
/* End PBXVariantGroup section */

/* Begin XCBuildConfiguration section */
		7DD50C441C43B32F00CA169D /* Debug */ = {
			isa = XCBuildConfiguration;
			buildSettings = {
				ALWAYS_SEARCH_USER_PATHS = NO;
				CLANG_CXX_LANGUAGE_STANDARD = "gnu++0x";
				CLANG_CXX_LIBRARY = "libc++";
				CLANG_ENABLE_MODULES = YES;
				CLANG_ENABLE_OBJC_ARC = YES;
				CLANG_WARN_BOOL_CONVERSION = YES;
				CLANG_WARN_CONSTANT_CONVERSION = YES;
				CLANG_WARN_DIRECT_OBJC_ISA_USAGE = YES_ERROR;
				CLANG_WARN_EMPTY_BODY = YES;
				CLANG_WARN_ENUM_CONVERSION = YES;
				CLANG_WARN_INT_CONVERSION = YES;
				CLANG_WARN_OBJC_ROOT_CLASS = YES_ERROR;
				CLANG_WARN_UNREACHABLE_CODE = YES;
				CLANG_WARN__DUPLICATE_METHOD_MATCH = YES;
				"CODE_SIGN_IDENTITY[sdk=iphoneos*]" = "iPhone Developer";
				COPY_PHASE_STRIP = NO;
				DEBUG_INFORMATION_FORMAT = dwarf;
				ENABLE_STRICT_OBJC_MSGSEND = YES;
				ENABLE_TESTABILITY = YES;
				GCC_C_LANGUAGE_STANDARD = gnu99;
				GCC_DYNAMIC_NO_PIC = NO;
				GCC_NO_COMMON_BLOCKS = YES;
				GCC_OPTIMIZATION_LEVEL = 0;
				GCC_PREPROCESSOR_DEFINITIONS = (
					"DEBUG=1",
					"$(inherited)",
				);
				GCC_WARN_64_TO_32_BIT_CONVERSION = YES;
				GCC_WARN_ABOUT_RETURN_TYPE = YES_ERROR;
				GCC_WARN_UNDECLARED_SELECTOR = YES;
				GCC_WARN_UNINITIALIZED_AUTOS = YES_AGGRESSIVE;
				GCC_WARN_UNUSED_FUNCTION = YES;
				GCC_WARN_UNUSED_VARIABLE = YES;
				IPHONEOS_DEPLOYMENT_TARGET = 9.1;
				MTL_ENABLE_DEBUG_INFO = YES;
				ONLY_ACTIVE_ARCH = YES;
				SDKROOT = iphoneos;
				SWIFT_OPTIMIZATION_LEVEL = "-Onone";
			};
			name = Debug;
		};
		7DD50C451C43B32F00CA169D /* Release */ = {
			isa = XCBuildConfiguration;
			buildSettings = {
				ALWAYS_SEARCH_USER_PATHS = NO;
				CLANG_CXX_LANGUAGE_STANDARD = "gnu++0x";
				CLANG_CXX_LIBRARY = "libc++";
				CLANG_ENABLE_MODULES = YES;
				CLANG_ENABLE_OBJC_ARC = YES;
				CLANG_WARN_BOOL_CONVERSION = YES;
				CLANG_WARN_CONSTANT_CONVERSION = YES;
				CLANG_WARN_DIRECT_OBJC_ISA_USAGE = YES_ERROR;
				CLANG_WARN_EMPTY_BODY = YES;
				CLANG_WARN_ENUM_CONVERSION = YES;
				CLANG_WARN_INT_CONVERSION = YES;
				CLANG_WARN_OBJC_ROOT_CLASS = YES_ERROR;
				CLANG_WARN_UNREACHABLE_CODE = YES;
				CLANG_WARN__DUPLICATE_METHOD_MATCH = YES;
				"CODE_SIGN_IDENTITY[sdk=iphoneos*]" = "iPhone Developer";
				COPY_PHASE_STRIP = NO;
				DEBUG_INFORMATION_FORMAT = "dwarf-with-dsym";
				ENABLE_NS_ASSERTIONS = NO;
				ENABLE_STRICT_OBJC_MSGSEND = YES;
				GCC_C_LANGUAGE_STANDARD = gnu99;
				GCC_NO_COMMON_BLOCKS = YES;
				GCC_WARN_64_TO_32_BIT_CONVERSION = YES;
				GCC_WARN_ABOUT_RETURN_TYPE = YES_ERROR;
				GCC_WARN_UNDECLARED_SELECTOR = YES;
				GCC_WARN_UNINITIALIZED_AUTOS = YES_AGGRESSIVE;
				GCC_WARN_UNUSED_FUNCTION = YES;
				GCC_WARN_UNUSED_VARIABLE = YES;
				IPHONEOS_DEPLOYMENT_TARGET = 9.1;
				MTL_ENABLE_DEBUG_INFO = NO;
				SDKROOT = iphoneos;
				VALIDATE_PRODUCT = YES;
			};
			name = Release;
		};
		7DD50C471C43B32F00CA169D /* Debug */ = {
			isa = XCBuildConfiguration;
			buildSettings = {
				ASSETCATALOG_COMPILER_APPICON_NAME = AppIcon;
				INFOPLIST_FILE = Credit/Info.plist;
				LD_RUNPATH_SEARCH_PATHS = "$(inherited) @executable_path/Frameworks";
				PRODUCT_BUNDLE_IDENTIFIER = mju12345.Credit;
				PRODUCT_NAME = "$(TARGET_NAME)";
			};
			name = Debug;
		};
		7DD50C481C43B32F00CA169D /* Release */ = {
			isa = XCBuildConfiguration;
			buildSettings = {
				ASSETCATALOG_COMPILER_APPICON_NAME = AppIcon;
				INFOPLIST_FILE = Credit/Info.plist;
				LD_RUNPATH_SEARCH_PATHS = "$(inherited) @executable_path/Frameworks";
				PRODUCT_BUNDLE_IDENTIFIER = mju12345.Credit;
				PRODUCT_NAME = "$(TARGET_NAME)";
			};
			name = Release;
		};
		7DD50C4A1C43B32F00CA169D /* Debug */ = {
			isa = XCBuildConfiguration;
			buildSettings = {
				BUNDLE_LOADER = "$(TEST_HOST)";
				INFOPLIST_FILE = CreditTests/Info.plist;
				LD_RUNPATH_SEARCH_PATHS = "$(inherited) @executable_path/Frameworks @loader_path/Frameworks";
				PRODUCT_BUNDLE_IDENTIFIER = mju12345.CreditTests;
				PRODUCT_NAME = "$(TARGET_NAME)";
				TEST_HOST = "$(BUILT_PRODUCTS_DIR)/Credit.app/Credit";
			};
			name = Debug;
		};
		7DD50C4B1C43B32F00CA169D /* Release */ = {
			isa = XCBuildConfiguration;
			buildSettings = {
				BUNDLE_LOADER = "$(TEST_HOST)";
				INFOPLIST_FILE = CreditTests/Info.plist;
				LD_RUNPATH_SEARCH_PATHS = "$(inherited) @executable_path/Frameworks @loader_path/Frameworks";
				PRODUCT_BUNDLE_IDENTIFIER = mju12345.CreditTests;
				PRODUCT_NAME = "$(TARGET_NAME)";
				TEST_HOST = "$(BUILT_PRODUCTS_DIR)/Credit.app/Credit";
			};
			name = Release;
		};
		7DD50C4D1C43B32F00CA169D /* Debug */ = {
			isa = XCBuildConfiguration;
			buildSettings = {
				INFOPLIST_FILE = CreditUITests/Info.plist;
				LD_RUNPATH_SEARCH_PATHS = "$(inherited) @executable_path/Frameworks @loader_path/Frameworks";
				PRODUCT_BUNDLE_IDENTIFIER = mju12345.CreditUITests;
				PRODUCT_NAME = "$(TARGET_NAME)";
				TEST_TARGET_NAME = Credit;
				USES_XCTRUNNER = YES;
			};
			name = Debug;
		};
		7DD50C4E1C43B32F00CA169D /* Release */ = {
			isa = XCBuildConfiguration;
			buildSettings = {
				INFOPLIST_FILE = CreditUITests/Info.plist;
				LD_RUNPATH_SEARCH_PATHS = "$(inherited) @executable_path/Frameworks @loader_path/Frameworks";
				PRODUCT_BUNDLE_IDENTIFIER = mju12345.CreditUITests;
				PRODUCT_NAME = "$(TARGET_NAME)";
				TEST_TARGET_NAME = Credit;
				USES_XCTRUNNER = YES;
			};
			name = Release;
		};
/* End XCBuildConfiguration section */

/* Begin XCConfigurationList section */
		7DD50C191C43B32F00CA169D /* Build configuration list for PBXProject "Credit" */ = {
			isa = XCConfigurationList;
			buildConfigurations = (
				7DD50C441C43B32F00CA169D /* Debug */,
				7DD50C451C43B32F00CA169D /* Release */,
			);
			defaultConfigurationIsVisible = 0;
			defaultConfigurationName = Release;
		};
		7DD50C461C43B32F00CA169D /* Build configuration list for PBXNativeTarget "Credit" */ = {
			isa = XCConfigurationList;
			buildConfigurations = (
				7DD50C471C43B32F00CA169D /* Debug */,
				7DD50C481C43B32F00CA169D /* Release */,
			);
			defaultConfigurationIsVisible = 0;
		};
		7DD50C491C43B32F00CA169D /* Build configuration list for PBXNativeTarget "CreditTests" */ = {
			isa = XCConfigurationList;
			buildConfigurations = (
				7DD50C4A1C43B32F00CA169D /* Debug */,
				7DD50C4B1C43B32F00CA169D /* Release */,
			);
			defaultConfigurationIsVisible = 0;
		};
		7DD50C4C1C43B32F00CA169D /* Build configuration list for PBXNativeTarget "CreditUITests" */ = {
			isa = XCConfigurationList;
			buildConfigurations = (
				7DD50C4D1C43B32F00CA169D /* Debug */,
				7DD50C4E1C43B32F00CA169D /* Release */,
			);
			defaultConfigurationIsVisible = 0;
		};
/* End XCConfigurationList section */
	};
	rootObject = 7DD50C161C43B32F00CA169D /* Project object */;
}
